PODS:
  - HandySwift (2.5.0)
  - OneSignal (2.8.2)

DEPENDENCIES:
  - HandySwift
  - OneSignal (< 3.0, >= 2.5.2)

SPEC CHECKSUMS:
  HandySwift: 7c6927fcf1b13d691e76091f50e8e5c5e930f191
  OneSignal: ab5c509192ca8390bdd3570a6261e6decf4c79c1

PODFILE CHECKSUM: bfdc774ed95a0834298a2edcf3f71c1f68b7d690

COCOAPODS: 1.4.0
